// !$*UTF8*$!
{
	archiveVersion = 1;
	classes = {
	};
	objectVersion = 46;
	objects = {

/* Begin PBXBuildFile section */
		0E091D00E4F432D1C0BABC70 /* include_juce_audio_basics.mm */ = {isa = PBXBuildFile; fileRef = 612836CECF7E4B01EB79B058; };
		10BE0B13B5D699B38AC026FB /* MainComponent.cpp */ = {isa = PBXBuildFile; fileRef = 8141864060A79326AE6BDD67; };
		11D9F2B5D6039E985D318888 /* include_juce_gui_basics.mm */ = {isa = PBXBuildFile; fileRef = 3ACEAFF2FEA4C75D188B853F; };
		19EFEC05B0F2BE7DBB28F222 /* include_juce_audio_devices.mm */ = {isa = PBXBuildFile; fileRef = 42BE2FFEDF64203FA5263C7F; };
		1BB677A986E3BC573F1A99DC /* include_juce_cryptography.mm */ = {isa = PBXBuildFile; fileRef = 50620215D0EF67653582FB19; };
		21D290B33852E9E0227FEA70 /* OpenGL.framework */ = {isa = PBXBuildFile; fileRef = 9F76E477BEE971EABF48787C; };
		2C3E41873A7329879815FEF1 /* IOKit.framework */ = {isa = PBXBuildFile; fileRef = 0F42C29EAE0E4DF66319EAAC; };
		3ED183E831A13D507E355B3F /* AudioToolbox.framework */ = {isa = PBXBuildFile; fileRef = F27964B80A75FEE7CA115FC5; };
		46083A09406F104B936DAF16 /* CoreAudio.framework */ = {isa = PBXBuildFile; fileRef = 277F78AB022857C7CD2B4D10; };
		4942B22EB1D8161F64D7897D /* Main.cpp */ = {isa = PBXBuildFile; fileRef = E5BC13E106A87B34B7EADED1; };
		4D031B14F72375A01E1ED4B4 /* include_juce_graphics.mm */ = {isa = PBXBuildFile; fileRef = ADE2A4C23421481F3CC02903; };
		54A7E72F5321DB3D1AEDB020 /* App */ = {isa = PBXBuildFile; fileRef = 6BD6643322B073EC7A8F9771; };
		5F1BBE2DF70DADC2AB690EF2 /* Accelerate.framework */ = {isa = PBXBuildFile; fileRef = A5CC4A75D0030809F6EE956D; };
		681828DBC8E5F6630C53A57C /* include_juce_events.mm */ = {isa = PBXBuildFile; fileRef = A7D2C509ED043609F55DE7C7; };
		84266219BED43CE880CC9758 /* AVFoundation.framework */ = {isa = PBXBuildFile; fileRef = 58B904DE8BAF8B44E941373C; };
		8B6DA39110F46CE1998A4D5B /* include_juce_video.mm */ = {isa = PBXBuildFile; fileRef = C57148C4C34BDC3994BF11D9; };
		8C56FC6D42374B2E2D9B70BD /* RecentFilesMenuTemplate.nib */ = {isa = PBXBuildFile; fileRef = 33C29788CC13DEDAC44EC079; };
		90333C20D9573B8D03D1FBCC /* include_juce_opengl.mm */ = {isa = PBXBuildFile; fileRef = 9FCBE19F598224C5BA19AF25; };
		9619FF98267614D24E352E9F /* Cocoa.framework */ = {isa = PBXBuildFile; fileRef = 3C3A6C177A8DEFF0C9A116E2; };
		A388AE9E1D44BD4D4C5CCA42 /* AVKit.framework */ = {isa = PBXBuildFile; fileRef = A1BAC3B13D09364BE9B4C6C6; };
		A7C0D08E6E2A520EC49832A6 /* QuartzCore.framework */ = {isa = PBXBuildFile; fileRef = D397ED5B6C3B0A6D5E3294E1; };
		ADC2753849310E8A97DFEB2D /* CoreMedia.framework */ = {isa = PBXBuildFile; fileRef = D26EFB98E6EC7078F672D7AD; };
		C23EEEBA2BFD80658D8D1396 /* include_juce_core.mm */ = {isa = PBXBuildFile; fileRef = EE7E7A1B0555483FD898DA8B; };
		CDE69F589C71D4E4A6AC0F9B /* include_juce_audio_processors_lv2_libs.cpp */ = {isa = PBXBuildFile; fileRef = D6111DC3BCA607B861CB3BE7; };
		D0E6785E1A3350082A196D1E /* CoreMIDI.framework */ = {isa = PBXBuildFile; fileRef = 6CDD7181837955A1FDFAF74F; };
		D3FB130C8BBF065C7F2650B7 /* include_juce_data_structures.mm */ = {isa = PBXBuildFile; fileRef = F342D067219C716AC95BB654; };
		E0829D43BC2C64F92D1733E2 /* include_juce_audio_processors_ara.cpp */ = {isa = PBXBuildFile; fileRef = 1459DFDE455721F53D47FAFE; };
		E2050E3BB896837C3C9DCEE2 /* include_juce_audio_formats.mm */ = {isa = PBXBuildFile; fileRef = 64F70F765E9DE409B41FB9C7; };
		E9E03290135D8C351820E047 /* WebKit.framework */ = {isa = PBXBuildFile; fileRef = 505CB6A60F0BA6C106200F8C; };
		EAE15312653423166D0DD142 /* include_juce_audio_processors.mm */ = {isa = PBXBuildFile; fileRef = ED5BC471273FF6D6CE6C9507; };
		F726D502842ACD85954FBEC3 /* Foundation.framework */ = {isa = PBXBuildFile; fileRef = F80FC1AF9C1E504EFFA739D2; };
		F7CE0A32100590EC65A8BE64 /* include_juce_gui_extra.mm */ = {isa = PBXBuildFile; fileRef = 0F35AFBCF783ADA4181B4D3C; };
/* End PBXBuildFile section */

/* Begin PBXFileReference section */
		05F40353B6556F93ECD24DDF /* JuceHeader.h */ /* JuceHeader.h */ = {isa = PBXFileReference; lastKnownFileType = sourcecode.c.h; name = JuceHeader.h; path = ../../JuceLibraryCode/JuceHeader.h; sourceTree = SOURCE_ROOT; };
		0B03EF180D27CB6C2211E65C /* Info-App.plist */ /* Info-App.plist */ = {isa = PBXFileReference; lastKnownFileType = text.plist.xml; name = "Info-App.plist"; path = "Info-App.plist"; sourceTree = SOURCE_ROOT; };
		0F35AFBCF783ADA4181B4D3C /* include_juce_gui_extra.mm */ /* include_juce_gui_extra.mm */ = {isa = PBXFileReference; lastKnownFileType = sourcecode.cpp.objcpp; name = include_juce_gui_extra.mm; path = ../../JuceLibraryCode/include_juce_gui_extra.mm; sourceTree = SOURCE_ROOT; };
		0F42C29EAE0E4DF66319EAAC /* IOKit.framework */ /* IOKit.framework */ = {isa = PBXFileReference; lastKnownFileType = wrapper.framework; name = IOKit.framework; path = System/Library/Frameworks/IOKit.framework; sourceTree = SDKROOT; };
		1459DFDE455721F53D47FAFE /* include_juce_audio_processors_ara.cpp */ /* include_juce_audio_processors_ara.cpp */ = {isa = PBXFileReference; lastKnownFileType = sourcecode.cpp.cpp; name = include_juce_audio_processors_ara.cpp; path = ../../JuceLibraryCode/include_juce_audio_processors_ara.cpp; sourceTree = SOURCE_ROOT; };
		22DFBF407B2A09E4CBB4A98F /* juce_audio_basics */ /* juce_audio_basics */ = {isa = PBXFileReference; lastKnownFileType = folder; name = juce_audio_basics; path = ../../../../JUCE/modules/juce_audio_basics; sourceTree = SOURCE_ROOT; };
		277F78AB022857C7CD2B4D10 /* CoreAudio.framework */ /* CoreAudio.framework */ = {isa = PBXFileReference; lastKnownFileType = wrapper.framework; name = CoreAudio.framework; path = System/Library/Frameworks/CoreAudio.framework; sourceTree = SDKROOT; };
		33C29788CC13DEDAC44EC079 /* RecentFilesMenuTemplate.nib */ /* RecentFilesMenuTemplate.nib */ = {isa = PBXFileReference; lastKnownFileType = file.nib; name = RecentFilesMenuTemplate.nib; path = RecentFilesMenuTemplate.nib; sourceTree = SOURCE_ROOT; };
		3ACEAFF2FEA4C75D188B853F /* include_juce_gui_basics.mm */ /* include_juce_gui_basics.mm */ = {isa = PBXFileReference; lastKnownFileType = sourcecode.cpp.objcpp; name = include_juce_gui_basics.mm; path = ../../JuceLibraryCode/include_juce_gui_basics.mm; sourceTree = SOURCE_ROOT; };
		3C3A6C177A8DEFF0C9A116E2 /* Cocoa.framework */ /* Cocoa.framework */ = {isa = PBXFileReference; lastKnownFileType = wrapper.framework; name = Cocoa.framework; path = System/Library/Frameworks/Cocoa.framework; sourceTree = SDKROOT; };
		42BE2FFEDF64203FA5263C7F /* include_juce_audio_devices.mm */ /* include_juce_audio_devices.mm */ = {isa = PBXFileReference; lastKnownFileType = sourcecode.cpp.objcpp; name = include_juce_audio_devices.mm; path = ../../JuceLibraryCode/include_juce_audio_devices.mm; sourceTree = SOURCE_ROOT; };
		4A22AF2F4D38DD9E9634CD98 /* juce_video */ /* juce_video */ = {isa = PBXFileReference; lastKnownFileType = folder; name = juce_video; path = ../../../../JUCE/modules/juce_video; sourceTree = SOURCE_ROOT; };
		505CB6A60F0BA6C106200F8C /* WebKit.framework */ /* WebKit.framework */ = {isa = PBXFileReference; lastKnownFileType = wrapper.framework; name = WebKit.framework; path = System/Library/Frameworks/WebKit.framework; sourceTree = SDKROOT; };
		50620215D0EF67653582FB19 /* include_juce_cryptography.mm */ /* include_juce_cryptography.mm */ = {isa = PBXFileReference; lastKnownFileType = sourcecode.cpp.objcpp; name = include_juce_cryptography.mm; path = ../../JuceLibraryCode/include_juce_cryptography.mm; sourceTree = SOURCE_ROOT; };
		5658EB5D50620EEB34D2ED58 /* juce_opengl */ /* juce_opengl */ = {isa = PBXFileReference; lastKnownFileType = folder; name = juce_opengl; path = ../../../../JUCE/modules/juce_opengl; sourceTree = SOURCE_ROOT; };
		58B904DE8BAF8B44E941373C /* AVFoundation.framework */ /* AVFoundation.framework */ = {isa = PBXFileReference; lastKnownFileType = wrapper.framework; name = AVFoundation.framework; path = System/Library/Frameworks/AVFoundation.framework; sourceTree = SDKROOT; };
		5A9B6BA9C138153640C71B5A /* juce_audio_processors */ /* juce_audio_processors */ = {isa = PBXFileReference; lastKnownFileType = folder; name = juce_audio_processors; path = ../../../../JUCE/modules/juce_audio_processors; sourceTree = SOURCE_ROOT; };
		612836CECF7E4B01EB79B058 /* include_juce_audio_basics.mm */ /* include_juce_audio_basics.mm */ = {isa = PBXFileReference; lastKnownFileType = sourcecode.cpp.objcpp; name = include_juce_audio_basics.mm; path = ../../JuceLibraryCode/include_juce_audio_basics.mm; sourceTree = SOURCE_ROOT; };
		64F70F765E9DE409B41FB9C7 /* include_juce_audio_formats.mm */ /* include_juce_audio_formats.mm */ = {isa = PBXFileReference; lastKnownFileType = sourcecode.cpp.objcpp; name = include_juce_audio_formats.mm; path = ../../JuceLibraryCode/include_juce_audio_formats.mm; sourceTree = SOURCE_ROOT; };
		6BD6643322B073EC7A8F9771 /* App */ = {isa = PBXFileReference; explicitFileType = wrapper.application; includeInIndex = 0; path = NewProject.app; sourceTree = BUILT_PRODUCTS_DIR; };
		6CDD7181837955A1FDFAF74F /* CoreMIDI.framework */ /* CoreMIDI.framework */ = {isa = PBXFileReference; lastKnownFileType = wrapper.framework; name = CoreMIDI.framework; path = System/Library/Frameworks/CoreMIDI.framework; sourceTree = SDKROOT; };
		8141864060A79326AE6BDD67 /* MainComponent.cpp */ /* MainComponent.cpp */ = {isa = PBXFileReference; lastKnownFileType = sourcecode.cpp.cpp; name = MainComponent.cpp; path = ../../Source/MainComponent.cpp; sourceTree = SOURCE_ROOT; };
		88C0E13923C74F0CA1D08E7D /* juce_audio_devices */ /* juce_audio_devices */ = {isa = PBXFileReference; lastKnownFileType = folder; name = juce_audio_devices; path = ../../../../JUCE/modules/juce_audio_devices; sourceTree = SOURCE_ROOT; };
		95F6532F11EE43AAA5C3FF65 /* juce_core */ /* juce_core */ = {isa = PBXFileReference; lastKnownFileType = folder; name = juce_core; path = ../../../../JUCE/modules/juce_core; sourceTree = SOURCE_ROOT; };
		9EC5C61A3C575162FCDF22AA /* juce_gui_extra */ /* juce_gui_extra */ = {isa = PBXFileReference; lastKnownFileType = folder; name = juce_gui_extra; path = ../../../../JUCE/modules/juce_gui_extra; sourceTree = SOURCE_ROOT; };
		9F76E477BEE971EABF48787C /* OpenGL.framework */ /* OpenGL.framework */ = {isa = PBXFileReference; lastKnownFileType = wrapper.framework; name = OpenGL.framework; path = System/Library/Frameworks/OpenGL.framework; sourceTree = SDKROOT; };
		9F81971CC04412A2CCA4B7B6 /* juce_audio_formats */ /* juce_audio_formats */ = {isa = PBXFileReference; lastKnownFileType = folder; name = juce_audio_formats; path = ../../../../JUCE/modules/juce_audio_formats; sourceTree = SOURCE_ROOT; };
		9FCBE19F598224C5BA19AF25 /* include_juce_opengl.mm */ /* include_juce_opengl.mm */ = {isa = PBXFileReference; lastKnownFileType = sourcecode.cpp.objcpp; name = include_juce_opengl.mm; path = ../../JuceLibraryCode/include_juce_opengl.mm; sourceTree = SOURCE_ROOT; };
		A1BAC3B13D09364BE9B4C6C6 /* AVKit.framework */ /* AVKit.framework */ = {isa = PBXFileReference; lastKnownFileType = wrapper.framework; name = AVKit.framework; path = System/Library/Frameworks/AVKit.framework; sourceTree = SDKROOT; };
		A5CC4A75D0030809F6EE956D /* Accelerate.framework */ /* Accelerate.framework */ = {isa = PBXFileReference; lastKnownFileType = wrapper.framework; name = Accelerate.framework; path = System/Library/Frameworks/Accelerate.framework; sourceTree = SDKROOT; };
		A7D2C509ED043609F55DE7C7 /* include_juce_events.mm */ /* include_juce_events.mm */ = {isa = PBXFileReference; lastKnownFileType = sourcecode.cpp.objcpp; name = include_juce_events.mm; path = ../../JuceLibraryCode/include_juce_events.mm; sourceTree = SOURCE_ROOT; };
		A98A02A1ABFB1D180B150A87 /* juce_cryptography */ /* juce_cryptography */ = {isa = PBXFileReference; lastKnownFileType = folder; name = juce_cryptography; path = ../../../../JUCE/modules/juce_cryptography; sourceTree = SOURCE_ROOT; };
		ADE2A4C23421481F3CC02903 /* include_juce_graphics.mm */ /* include_juce_graphics.mm */ = {isa = PBXFileReference; lastKnownFileType = sourcecode.cpp.objcpp; name = include_juce_graphics.mm; path = ../../JuceLibraryCode/include_juce_graphics.mm; sourceTree = SOURCE_ROOT; };
		B803A1D2F3F6CF684DCF3364 /* juce_graphics */ /* juce_graphics */ = {isa = PBXFileReference; lastKnownFileType = folder; name = juce_graphics; path = ../../../../JUCE/modules/juce_graphics; sourceTree = SOURCE_ROOT; };
		C57148C4C34BDC3994BF11D9 /* include_juce_video.mm */ /* include_juce_video.mm */ = {isa = PBXFileReference; lastKnownFileType = sourcecode.cpp.objcpp; name = include_juce_video.mm; path = ../../JuceLibraryCode/include_juce_video.mm; sourceTree = SOURCE_ROOT; };
		CCCE168AD4ED5859659F6A51 /* juce_events */ /* juce_events */ = {isa = PBXFileReference; lastKnownFileType = folder; name = juce_events; path = ../../../../JUCE/modules/juce_events; sourceTree = SOURCE_ROOT; };
		D1CA54C0364B136B781890FB /* juce_data_structures */ /* juce_data_structures */ = {isa = PBXFileReference; lastKnownFileType = folder; name = juce_data_structures; path = ../../../../JUCE/modules/juce_data_structures; sourceTree = SOURCE_ROOT; };
		D26EFB98E6EC7078F672D7AD /* CoreMedia.framework */ /* CoreMedia.framework */ = {isa = PBXFileReference; lastKnownFileType = wrapper.framework; name = CoreMedia.framework; path = System/Library/Frameworks/CoreMedia.framework; sourceTree = SDKROOT; };
		D397ED5B6C3B0A6D5E3294E1 /* QuartzCore.framework */ /* QuartzCore.framework */ = {isa = PBXFileReference; lastKnownFileType = wrapper.framework; name = QuartzCore.framework; path = System/Library/Frameworks/QuartzCore.framework; sourceTree = SDKROOT; };
		D6111DC3BCA607B861CB3BE7 /* include_juce_audio_processors_lv2_libs.cpp */ /* include_juce_audio_processors_lv2_libs.cpp */ = {isa = PBXFileReference; lastKnownFileType = sourcecode.cpp.cpp; name = include_juce_audio_processors_lv2_libs.cpp; path = ../../JuceLibraryCode/include_juce_audio_processors_lv2_libs.cpp; sourceTree = SOURCE_ROOT; };
		E2BC82F4F28B2FC70ABEA0D4 /* juce_gui_basics */ /* juce_gui_basics */ = {isa = PBXFileReference; lastKnownFileType = folder; name = juce_gui_basics; path = ../../../../JUCE/modules/juce_gui_basics; sourceTree = SOURCE_ROOT; };
		E473110DE3CBF40CEC30872C /* MainComponent.h */ /* MainComponent.h */ = {isa = PBXFileReference; lastKnownFileType = sourcecode.c.h; name = MainComponent.h; path = ../../Source/MainComponent.h; sourceTree = SOURCE_ROOT; };
		E5BC13E106A87B34B7EADED1 /* Main.cpp */ /* Main.cpp */ = {isa = PBXFileReference; lastKnownFileType = sourcecode.cpp.cpp; name = Main.cpp; path = ../../Source/Main.cpp; sourceTree = SOURCE_ROOT; };
		ED5BC471273FF6D6CE6C9507 /* include_juce_audio_processors.mm */ /* include_juce_audio_processors.mm */ = {isa = PBXFileReference; lastKnownFileType = sourcecode.cpp.objcpp; name = include_juce_audio_processors.mm; path = ../../JuceLibraryCode/include_juce_audio_processors.mm; sourceTree = SOURCE_ROOT; };
		EE7E7A1B0555483FD898DA8B /* include_juce_core.mm */ /* include_juce_core.mm */ = {isa = PBXFileReference; lastKnownFileType = sourcecode.cpp.objcpp; name = include_juce_core.mm; path = ../../JuceLibraryCode/include_juce_core.mm; sourceTree = SOURCE_ROOT; };
		F27964B80A75FEE7CA115FC5 /* AudioToolbox.framework */ /* AudioToolbox.framework */ = {isa = PBXFileReference; lastKnownFileType = wrapper.framework; name = AudioToolbox.framework; path = System/Library/Frameworks/AudioToolbox.framework; sourceTree = SDKROOT; };
		F342D067219C716AC95BB654 /* include_juce_data_structures.mm */ /* include_juce_data_structures.mm */ = {isa = PBXFileReference; lastKnownFileType = sourcecode.cpp.objcpp; name = include_juce_data_structures.mm; path = ../../JuceLibraryCode/include_juce_data_structures.mm; sourceTree = SOURCE_ROOT; };
		F80FC1AF9C1E504EFFA739D2 /* Foundation.framework */ /* Foundation.framework */ = {isa = PBXFileReference; lastKnownFileType = wrapper.framework; name = Foundation.framework; path = System/Library/Frameworks/Foundation.framework; sourceTree = SDKROOT; };
/* End PBXFileReference section */

/* Begin PBXFrameworksBuildPhase section */
		17FA689F0A4F457FF84E576A = {
			isa = PBXFrameworksBuildPhase;
			buildActionMask = 2147483647;
			files = (
				5F1BBE2DF70DADC2AB690EF2,
				3ED183E831A13D507E355B3F,
				84266219BED43CE880CC9758,
				A388AE9E1D44BD4D4C5CCA42,
				9619FF98267614D24E352E9F,
				46083A09406F104B936DAF16,
				ADC2753849310E8A97DFEB2D,
				D0E6785E1A3350082A196D1E,
				F726D502842ACD85954FBEC3,
				2C3E41873A7329879815FEF1,
				21D290B33852E9E0227FEA70,
				A7C0D08E6E2A520EC49832A6,
				E9E03290135D8C351820E047,
			);
			runOnlyForDeploymentPostprocessing = 0;
		};
/* End PBXFrameworksBuildPhase section */

/* Begin PBXGroup section */
		47DCD530A8DF7C5B5FCC6254 /* Source */ = {
			isa = PBXGroup;
			children = (
				E5BC13E106A87B34B7EADED1,
				E473110DE3CBF40CEC30872C,
				8141864060A79326AE6BDD67,
			);
			name = Source;
			sourceTree = "<group>";
		};
		4A3FCDD34633F24C5434B478 /* Resources */ = {
			isa = PBXGroup;
			children = (
				0B03EF180D27CB6C2211E65C,
				33C29788CC13DEDAC44EC079,
			);
			name = Resources;
			sourceTree = "<group>";
		};
		53B9FF7B3EBFD11FC9A4901A /* Source */ = {
			isa = PBXGroup;
			children = (
				9AC8711AC1DBD6C692646E67,
				C752AB9627F4F086D4480F40,
				9A5C521D2358EC686A2E6CBD,
				4A3FCDD34633F24C5434B478,
				8056BD2C1998B6F5F6C6CA10,
				F6D0C163EA1BC845E60CF7B0,
			);
			name = Source;
			sourceTree = "<group>";
		};
		8056BD2C1998B6F5F6C6CA10 /* Frameworks */ = {
			isa = PBXGroup;
			children = (
				A5CC4A75D0030809F6EE956D,
				F27964B80A75FEE7CA115FC5,
				58B904DE8BAF8B44E941373C,
				A1BAC3B13D09364BE9B4C6C6,
				3C3A6C177A8DEFF0C9A116E2,
				277F78AB022857C7CD2B4D10,
				D26EFB98E6EC7078F672D7AD,
				6CDD7181837955A1FDFAF74F,
				F80FC1AF9C1E504EFFA739D2,
				0F42C29EAE0E4DF66319EAAC,
				9F76E477BEE971EABF48787C,
				D397ED5B6C3B0A6D5E3294E1,
				505CB6A60F0BA6C106200F8C,
			);
			name = Frameworks;
			sourceTree = "<group>";
		};
		9A5C521D2358EC686A2E6CBD /* JUCE Library Code */ = {
			isa = PBXGroup;
			children = (
				612836CECF7E4B01EB79B058,
				42BE2FFEDF64203FA5263C7F,
				64F70F765E9DE409B41FB9C7,
				ED5BC471273FF6D6CE6C9507,
				1459DFDE455721F53D47FAFE,
				D6111DC3BCA607B861CB3BE7,
				EE7E7A1B0555483FD898DA8B,
				50620215D0EF67653582FB19,
				F342D067219C716AC95BB654,
				A7D2C509ED043609F55DE7C7,
				ADE2A4C23421481F3CC02903,
				3ACEAFF2FEA4C75D188B853F,
				0F35AFBCF783ADA4181B4D3C,
				9FCBE19F598224C5BA19AF25,
				C57148C4C34BDC3994BF11D9,
				05F40353B6556F93ECD24DDF,
			);
			name = "JUCE Library Code";
			sourceTree = "<group>";
		};
		9AC8711AC1DBD6C692646E67 /* Yung Delay */ = {
			isa = PBXGroup;
			children = (
				47DCD530A8DF7C5B5FCC6254,
			);
			name = "Yung Delay";
			sourceTree = "<group>";
		};
		C752AB9627F4F086D4480F40 /* JUCE Modules */ = {
			isa = PBXGroup;
			children = (
				22DFBF407B2A09E4CBB4A98F,
				88C0E13923C74F0CA1D08E7D,
				9F81971CC04412A2CCA4B7B6,
				5A9B6BA9C138153640C71B5A,
				95F6532F11EE43AAA5C3FF65,
				A98A02A1ABFB1D180B150A87,
				D1CA54C0364B136B781890FB,
				CCCE168AD4ED5859659F6A51,
				B803A1D2F3F6CF684DCF3364,
				E2BC82F4F28B2FC70ABEA0D4,
				9EC5C61A3C575162FCDF22AA,
				5658EB5D50620EEB34D2ED58,
				4A22AF2F4D38DD9E9634CD98,
			);
			name = "JUCE Modules";
			sourceTree = "<group>";
		};
		F6D0C163EA1BC845E60CF7B0 /* Products */ = {
			isa = PBXGroup;
			children = (
				6BD6643322B073EC7A8F9771,
			);
			name = Products;
			sourceTree = "<group>";
		};
/* End PBXGroup section */

/* Begin PBXNativeTarget section */
		A94811AB42349220E1ACE545 /* Yung Delay - App */ = {
			isa = PBXNativeTarget;
			buildConfigurationList = BE2FC200344BCA4A74C4FC15;
			buildPhases = (
				DA0444EADD38B1D4CFD6F020,
				15A6745B50BF7AD2EE45314D,
				17FA689F0A4F457FF84E576A,
			);
			buildRules = (
			);
			dependencies = (
			);
			name = "Yung Delay - App";
			productName = "Yung Delay";
			productReference = 6BD6643322B073EC7A8F9771;
			productType = "com.apple.product-type.application";
		};
/* End PBXNativeTarget section */

/* Begin PBXProject section */
		A0176F09F6F4F85701D2CE38 = {
			isa = PBXProject;
			attributes = {
				LastUpgradeCheck = 1340;
				ORGANIZATIONNAME = "Blome";
				TargetAttributes = {
					A94811AB42349220E1ACE545 = {
						SystemCapabilities = {
							com.apple.ApplicationGroups.iOS = {
								enabled = 0;
							};
							com.apple.HardenedRuntime = {
								enabled = 0;
							};
							com.apple.InAppPurchase = {
								enabled = 0;
							};
							com.apple.InterAppAudio = {
								enabled = 0;
							};
							com.apple.Push = {
								enabled = 0;
							};
							com.apple.Sandbox = {
								enabled = 0;
							};
						};
					};
				};
			};
			buildConfigurationList = C6132562E921CD5DBC9D281A;
			compatibilityVersion = "Xcode 3.2";
			hasScannedForEncodings = 0;
			knownRegions = (
				en,
				Base,
			);
			mainGroup = 53B9FF7B3EBFD11FC9A4901A;
			projectDirPath = "";
			projectRoot = "";
			targets = (
				A94811AB42349220E1ACE545,
			);
		};
/* End PBXProject section */

/* Begin PBXResourcesBuildPhase section */
		DA0444EADD38B1D4CFD6F020 = {
			isa = PBXResourcesBuildPhase;
			buildActionMask = 2147483647;
			files = (
				8C56FC6D42374B2E2D9B70BD,
			);
			runOnlyForDeploymentPostprocessing = 0;
		};
/* End PBXResourcesBuildPhase section */

/* Begin PBXSourcesBuildPhase section */
		15A6745B50BF7AD2EE45314D = {
			isa = PBXSourcesBuildPhase;
			buildActionMask = 2147483647;
			files = (
				4942B22EB1D8161F64D7897D,
				10BE0B13B5D699B38AC026FB,
				0E091D00E4F432D1C0BABC70,
				19EFEC05B0F2BE7DBB28F222,
				E2050E3BB896837C3C9DCEE2,
				EAE15312653423166D0DD142,
				E0829D43BC2C64F92D1733E2,
				CDE69F589C71D4E4A6AC0F9B,
				C23EEEBA2BFD80658D8D1396,
				1BB677A986E3BC573F1A99DC,
				D3FB130C8BBF065C7F2650B7,
				681828DBC8E5F6630C53A57C,
				4D031B14F72375A01E1ED4B4,
				11D9F2B5D6039E985D318888,
				F7CE0A32100590EC65A8BE64,
				90333C20D9573B8D03D1FBCC,
				8B6DA39110F46CE1998A4D5B,
			);
			runOnlyForDeploymentPostprocessing = 0;
		};
/* End PBXSourcesBuildPhase section */

/* Begin XCBuildConfiguration section */
		226560FC7833DC9BF1977963 /* Release */ = {
			isa = XCBuildConfiguration;
			buildSettings = {
				ALWAYS_SEARCH_USER_PATHS = NO;
				CLANG_ENABLE_OBJC_WEAK = YES;
				CLANG_WARN_BLOCK_CAPTURE_AUTORELEASING = YES;
				CLANG_WARN_BOOL_CONVERSION = YES;
				CLANG_WARN_COMMA = YES;
				CLANG_WARN_CONSTANT_CONVERSION = YES;
				CLANG_WARN_DEPRECATED_OBJC_IMPLEMENTATIONS = YES;
				CLANG_WARN_EMPTY_BODY = YES;
				CLANG_WARN_ENUM_CONVERSION = YES;
				CLANG_WARN_INFINITE_RECURSION = YES;
				CLANG_WARN_INT_CONVERSION = YES;
				CLANG_WARN_NON_LITERAL_NULL_CONVERSION = YES;
				CLANG_WARN_OBJC_IMPLICIT_RETAIN_SELF = YES;
				CLANG_WARN_OBJC_LITERAL_CONVERSION = YES;
				CLANG_WARN_RANGE_LOOP_ANALYSIS = YES;
				CLANG_WARN_STRICT_PROTOTYPES = YES;
				CLANG_WARN_SUSPICIOUS_MOVE = YES;
				CLANG_WARN_UNREACHABLE_CODE = YES;
				CLANG_WARN__DUPLICATE_METHOD_MATCH = YES;
				DEBUG_INFORMATION_FORMAT = dwarf;
				ENABLE_STRICT_OBJC_MSGSEND = YES;
				ENABLE_TESTABILITY = NO;
				GCC_C_LANGUAGE_STANDARD = c11;
				GCC_INLINES_ARE_PRIVATE_EXTERN = YES;
				GCC_MODEL_TUNING = G5;
				GCC_NO_COMMON_BLOCKS = YES;
				GCC_SYMBOLS_PRIVATE_EXTERN = YES;
				GCC_WARN_64_TO_32_BIT_CONVERSION = YES;
				GCC_WARN_ABOUT_RETURN_TYPE = YES;
				GCC_WARN_CHECK_SWITCH_STATEMENTS = YES;
				GCC_WARN_MISSING_PARENTHESES = YES;
				GCC_WARN_NON_VIRTUAL_DESTRUCTOR = YES;
				GCC_WARN_TYPECHECK_CALLS_TO_PRINTF = YES;
				GCC_WARN_UNDECLARED_SELECTOR = YES;
				GCC_WARN_UNINITIALIZED_AUTOS = YES;
				GCC_WARN_UNUSED_FUNCTION = YES;
				GCC_WARN_UNUSED_VARIABLE = YES;
				PRODUCT_NAME = "NewProject";
				SDKROOT = macosx;
				WARNING_CFLAGS = "-Wreorder";
				ZERO_LINK = NO;
			};
			name = Release;
		};
		48F134C66320C15E88899C7E /* Release */ = {
			isa = XCBuildConfiguration;
			buildSettings = {
				CLANG_CXX_LANGUAGE_STANDARD = "c++17";
				CLANG_CXX_LIBRARY = "libc++";
				CLANG_LINK_OBJC_RUNTIME = NO;
				COMBINE_HIDPI_IMAGES = YES;
				CONFIGURATION_BUILD_DIR = "$(PROJECT_DIR)/build/$(CONFIGURATION)";
				DEAD_CODE_STRIPPING = YES;
				EXCLUDED_ARCHS = "";
				GCC_GENERATE_DEBUGGING_SYMBOLS = NO;
				GCC_OPTIMIZATION_LEVEL = 3;
				GCC_PREPROCESSOR_DEFINITIONS = (
					"_NDEBUG=1",
					"NDEBUG=1",
					"JUCE_DISPLAY_SPLASH_SCREEN=1",
					"JUCE_USE_DARK_SPLASH_SCREEN=1",
					"JUCE_PROJUCER_VERSION=0x70005",
					"JUCE_MODULE_AVAILABLE_juce_audio_basics=1",
					"JUCE_MODULE_AVAILABLE_juce_audio_devices=1",
					"JUCE_MODULE_AVAILABLE_juce_audio_formats=1",
					"JUCE_MODULE_AVAILABLE_juce_audio_processors=1",
					"JUCE_MODULE_AVAILABLE_juce_core=1",
					"JUCE_MODULE_AVAILABLE_juce_cryptography=1",
					"JUCE_MODULE_AVAILABLE_juce_data_structures=1",
					"JUCE_MODULE_AVAILABLE_juce_events=1",
					"JUCE_MODULE_AVAILABLE_juce_graphics=1",
					"JUCE_MODULE_AVAILABLE_juce_gui_basics=1",
					"JUCE_MODULE_AVAILABLE_juce_gui_extra=1",
					"JUCE_MODULE_AVAILABLE_juce_opengl=1",
					"JUCE_MODULE_AVAILABLE_juce_video=1",
					"JUCE_GLOBAL_MODULE_SETTINGS_INCLUDED=1",
					"JUCE_STRICT_REFCOUNTEDPOINTER=1",
					"JUCE_STANDALONE_APPLICATION=1",
					"JUCER_XCODE_MAC_F6D2F4CF=1",
					"JUCE_APP_VERSION=1.0.0",
					"JUCE_APP_VERSION_HEX=0x10000",
					"JucePlugin_Build_VST=0",
					"JucePlugin_Build_VST3=0",
					"JucePlugin_Build_AU=0",
					"JucePlugin_Build_AUv3=0",
					"JucePlugin_Build_AAX=0",
					"JucePlugin_Build_Standalone=0",
					"JucePlugin_Build_Unity=0",
					"JucePlugin_Build_LV2=0",
				);
				GCC_VERSION = com.apple.compilers.llvm.clang.1_0;
				HEADER_SEARCH_PATHS = (
					"$(SRCROOT)/../../JuceLibraryCode",
					"$(SRCROOT)/../../../../JUCE/modules",
					"$(inherited)",
				);
				INFOPLIST_FILE = Info-App.plist;
				INFOPLIST_PREPROCESS = NO;
				INSTALL_PATH = "$(HOME)/Applications";
				LLVM_LTO = YES;
				MACOSX_DEPLOYMENT_TARGET = 10.13;
				MTL_HEADER_SEARCH_PATHS = "$(SRCROOT)/../../JuceLibraryCode $(SRCROOT)/../../../../JUCE/modules";
				OTHER_LDFLAGS = "-weak_framework Metal -weak_framework MetalKit";
				PRODUCT_BUNDLE_IDENTIFIER = com.Blome.YungDelay;
				PRODUCT_NAME = "NewProject";
				USE_HEADERMAP = NO;
				VALIDATE_WORKSPACE_SKIPPED_SDK_FRAMEWORKS = OpenGL;
				VALID_ARCHS = "i386 x86_64 arm64 arm64e";
			};
			name = Release;
		};
		991E23ABEDA2311FB77FD163 /* Debug */ = {
			isa = XCBuildConfiguration;
			buildSettings = {
				ALWAYS_SEARCH_USER_PATHS = NO;
				CLANG_ENABLE_OBJC_WEAK = YES;
				CLANG_WARN_BLOCK_CAPTURE_AUTORELEASING = YES;
				CLANG_WARN_BOOL_CONVERSION = YES;
				CLANG_WARN_COMMA = YES;
				CLANG_WARN_CONSTANT_CONVERSION = YES;
				CLANG_WARN_DEPRECATED_OBJC_IMPLEMENTATIONS = YES;
				CLANG_WARN_EMPTY_BODY = YES;
				CLANG_WARN_ENUM_CONVERSION = YES;
				CLANG_WARN_INFINITE_RECURSION = YES;
				CLANG_WARN_INT_CONVERSION = YES;
				CLANG_WARN_NON_LITERAL_NULL_CONVERSION = YES;
				CLANG_WARN_OBJC_IMPLICIT_RETAIN_SELF = YES;
				CLANG_WARN_OBJC_LITERAL_CONVERSION = YES;
				CLANG_WARN_RANGE_LOOP_ANALYSIS = YES;
				CLANG_WARN_STRICT_PROTOTYPES = YES;
				CLANG_WARN_SUSPICIOUS_MOVE = YES;
				CLANG_WARN_UNREACHABLE_CODE = YES;
				CLANG_WARN__DUPLICATE_METHOD_MATCH = YES;
				DEBUG_INFORMATION_FORMAT = dwarf;
				ENABLE_STRICT_OBJC_MSGSEND = YES;
				ENABLE_TESTABILITY = NO;
				GCC_C_LANGUAGE_STANDARD = c11;
				GCC_INLINES_ARE_PRIVATE_EXTERN = YES;
				GCC_MODEL_TUNING = G5;
				GCC_NO_COMMON_BLOCKS = YES;
				GCC_SYMBOLS_PRIVATE_EXTERN = YES;
				GCC_WARN_64_TO_32_BIT_CONVERSION = YES;
				GCC_WARN_ABOUT_RETURN_TYPE = YES;
				GCC_WARN_CHECK_SWITCH_STATEMENTS = YES;
				GCC_WARN_MISSING_PARENTHESES = YES;
				GCC_WARN_NON_VIRTUAL_DESTRUCTOR = YES;
				GCC_WARN_TYPECHECK_CALLS_TO_PRINTF = YES;
				GCC_WARN_UNDECLARED_SELECTOR = YES;
				GCC_WARN_UNINITIALIZED_AUTOS = YES;
				GCC_WARN_UNUSED_FUNCTION = YES;
				GCC_WARN_UNUSED_VARIABLE = YES;
				ONLY_ACTIVE_ARCH = YES;
				PRODUCT_NAME = "NewProject";
				SDKROOT = macosx;
				WARNING_CFLAGS = "-Wreorder";
				ZERO_LINK = NO;
			};
			name = Debug;
		};
		BC1019F7D1BE858306B0FA01 /* Debug */ = {
			isa = XCBuildConfiguration;
			buildSettings = {
				CLANG_CXX_LANGUAGE_STANDARD = "c++17";
				CLANG_CXX_LIBRARY = "libc++";
				CLANG_LINK_OBJC_RUNTIME = NO;
				COMBINE_HIDPI_IMAGES = YES;
				CONFIGURATION_BUILD_DIR = "$(PROJECT_DIR)/build/$(CONFIGURATION)";
				COPY_PHASE_STRIP = NO;
				EXCLUDED_ARCHS = "";
				GCC_DYNAMIC_NO_PIC = NO;
				GCC_OPTIMIZATION_LEVEL = 0;
				GCC_PREPROCESSOR_DEFINITIONS = (
					"_DEBUG=1",
					"DEBUG=1",
					"JUCE_DISPLAY_SPLASH_SCREEN=1",
					"JUCE_USE_DARK_SPLASH_SCREEN=1",
					"JUCE_PROJUCER_VERSION=0x70005",
					"JUCE_MODULE_AVAILABLE_juce_audio_basics=1",
					"JUCE_MODULE_AVAILABLE_juce_audio_devices=1",
					"JUCE_MODULE_AVAILABLE_juce_audio_formats=1",
					"JUCE_MODULE_AVAILABLE_juce_audio_processors=1",
					"JUCE_MODULE_AVAILABLE_juce_core=1",
					"JUCE_MODULE_AVAILABLE_juce_cryptography=1",
					"JUCE_MODULE_AVAILABLE_juce_data_structures=1",
					"JUCE_MODULE_AVAILABLE_juce_events=1",
					"JUCE_MODULE_AVAILABLE_juce_graphics=1",
					"JUCE_MODULE_AVAILABLE_juce_gui_basics=1",
					"JUCE_MODULE_AVAILABLE_juce_gui_extra=1",
					"JUCE_MODULE_AVAILABLE_juce_opengl=1",
					"JUCE_MODULE_AVAILABLE_juce_video=1",
					"JUCE_GLOBAL_MODULE_SETTINGS_INCLUDED=1",
					"JUCE_STRICT_REFCOUNTEDPOINTER=1",
					"JUCE_STANDALONE_APPLICATION=1",
					"JUCER_XCODE_MAC_F6D2F4CF=1",
					"JUCE_APP_VERSION=1.0.0",
					"JUCE_APP_VERSION_HEX=0x10000",
					"JucePlugin_Build_VST=0",
					"JucePlugin_Build_VST3=0",
					"JucePlugin_Build_AU=0",
					"JucePlugin_Build_AUv3=0",
					"JucePlugin_Build_AAX=0",
					"JucePlugin_Build_Standalone=0",
					"JucePlugin_Build_Unity=0",
					"JucePlugin_Build_LV2=0",
				);
				GCC_VERSION = com.apple.compilers.llvm.clang.1_0;
				HEADER_SEARCH_PATHS = (
					"$(SRCROOT)/../../JuceLibraryCode",
					"$(SRCROOT)/../../../../JUCE/modules",
					"$(inherited)",
				);
				INFOPLIST_FILE = Info-App.plist;
				INFOPLIST_PREPROCESS = NO;
				INSTALL_PATH = "$(HOME)/Applications";
				MACOSX_DEPLOYMENT_TARGET = 10.13;
				MTL_HEADER_SEARCH_PATHS = "$(SRCROOT)/../../JuceLibraryCode $(SRCROOT)/../../../../JUCE/modules";
				OTHER_LDFLAGS = "-weak_framework Metal -weak_framework MetalKit";
				PRODUCT_BUNDLE_IDENTIFIER = com.Blome.YungDelay;
				PRODUCT_NAME = "NewProject";
				USE_HEADERMAP = NO;
				VALIDATE_WORKSPACE_SKIPPED_SDK_FRAMEWORKS = OpenGL;
				VALID_ARCHS = "i386 x86_64 arm64 arm64e";
			};
			name = Debug;
		};
/* End XCBuildConfiguration section */

/* Begin XCConfigurationList section */
		BE2FC200344BCA4A74C4FC15 = {
			isa = XCConfigurationList;
			buildConfigurations = (
				BC1019F7D1BE858306B0FA01,
				48F134C66320C15E88899C7E,
			);
			defaultConfigurationIsVisible = 0;
			defaultConfigurationName = Debug;
		};
		C6132562E921CD5DBC9D281A = {
			isa = XCConfigurationList;
			buildConfigurations = (
				226560FC7833DC9BF1977963,
				991E23ABEDA2311FB77FD163,
			);
			defaultConfigurationIsVisible = 0;
			defaultConfigurationName = Debug;
		};
/* End XCConfigurationList section */
	};
	rootObject = A0176F09F6F4F85701D2CE38 /* Project object */;
}
