// !$*UTF8*$!
{
	archiveVersion = 1;
	classes = {
	};
	objectVersion = 46;
	objects = {

/* Begin PBXBuildFile section */
		10BE0B13B5D699B38AC026FB /* MainComponent.cpp */ = {isa = PBXBuildFile; fileRef = 8141864060A79326AE6BDD67; };
		11D9F2B5D6039E985D318888 /* include_juce_gui_basics.mm */ = {isa = PBXBuildFile; fileRef = 3ACEAFF2FEA4C75D188B853F; };
		2C3E41873A7329879815FEF1 /* IOKit.framework */ = {isa = PBXBuildFile; fileRef = 0F42C29EAE0E4DF66319EAAC; };
		4942B22EB1D8161F64D7897D /* Main.cpp */ = {isa = PBXBuildFile; fileRef = E5BC13E106A87B34B7EADED1; };
		4D031B14F72375A01E1ED4B4 /* include_juce_graphics.mm */ = {isa = PBXBuildFile; fileRef = ADE2A4C23421481F3CC02903; };
		54A7E72F5321DB3D1AEDB020 /* App */ = {isa = PBXBuildFile; fileRef = 6BD6643322B073EC7A8F9771; };
		681828DBC8E5F6630C53A57C /* include_juce_events.mm */ = {isa = PBXBuildFile; fileRef = A7D2C509ED043609F55DE7C7; };
		8C56FC6D42374B2E2D9B70BD /* RecentFilesMenuTemplate.nib */ = {isa = PBXBuildFile; fileRef = 33C29788CC13DEDAC44EC079; };
		9619FF98267614D24E352E9F /* Cocoa.framework */ = {isa = PBXBuildFile; fileRef = 3C3A6C177A8DEFF0C9A116E2; };
		A7C0D08E6E2A520EC49832A6 /* QuartzCore.framework */ = {isa = PBXBuildFile; fileRef = D397ED5B6C3B0A6D5E3294E1; };
		C23EEEBA2BFD80658D8D1396 /* include_juce_core.mm */ = {isa = PBXBuildFile; fileRef = EE7E7A1B0555483FD898DA8B; };
		D3FB130C8BBF065C7F2650B7 /* include_juce_data_structures.mm */ = {isa = PBXBuildFile; fileRef = F342D067219C716AC95BB654; };
		F726D502842ACD85954FBEC3 /* Foundation.framework */ = {isa = PBXBuildFile; fileRef = F80FC1AF9C1E504EFFA739D2; };
/* End PBXBuildFile section */

/* Begin PBXFileReference section */
		05F40353B6556F93ECD24DDF /* JuceHeader.h */ /* JuceHeader.h */ = {isa = PBXFileReference; lastKnownFileType = sourcecode.c.h; name = JuceHeader.h; path = ../../JuceLibraryCode/JuceHeader.h; sourceTree = SOURCE_ROOT; };
		0B03EF180D27CB6C2211E65C /* Info-App.plist */ /* Info-App.plist */ = {isa = PBXFileReference; lastKnownFileType = text.plist.xml; name = "Info-App.plist"; path = "Info-App.plist"; sourceTree = SOURCE_ROOT; };
		0F42C29EAE0E4DF66319EAAC /* IOKit.framework */ /* IOKit.framework */ = {isa = PBXFileReference; lastKnownFileType = wrapper.framework; name = IOKit.framework; path = System/Library/Frameworks/IOKit.framework; sourceTree = SDKROOT; };
		33C29788CC13DEDAC44EC079 /* RecentFilesMenuTemplate.nib */ /* RecentFilesMenuTemplate.nib */ = {isa = PBXFileReference; lastKnownFileType = file.nib; name = RecentFilesMenuTemplate.nib; path = RecentFilesMenuTemplate.nib; sourceTree = SOURCE_ROOT; };
		3ACEAFF2FEA4C75D188B853F /* include_juce_gui_basics.mm */ /* include_juce_gui_basics.mm */ = {isa = PBXFileReference; lastKnownFileType = sourcecode.cpp.objcpp; name = include_juce_gui_basics.mm; path = ../../JuceLibraryCode/include_juce_gui_basics.mm; sourceTree = SOURCE_ROOT; };
		3C3A6C177A8DEFF0C9A116E2 /* Cocoa.framework */ /* Cocoa.framework */ = {isa = PBXFileReference; lastKnownFileType = wrapper.framework; name = Cocoa.framework; path = System/Library/Frameworks/Cocoa.framework; sourceTree = SDKROOT; };
		6BD6643322B073EC7A8F9771 /* App */ = {isa = PBXFileReference; explicitFileType = wrapper.application; includeInIndex = 0; path = NewProject.app; sourceTree = BUILT_PRODUCTS_DIR; };
		8141864060A79326AE6BDD67 /* MainComponent.cpp */ /* MainComponent.cpp */ = {isa = PBXFileReference; lastKnownFileType = sourcecode.cpp.cpp; name = MainComponent.cpp; path = ../../Source/MainComponent.cpp; sourceTree = SOURCE_ROOT; };
		95F6532F11EE43AAA5C3FF65 /* juce_core */ /* juce_core */ = {isa = PBXFileReference; lastKnownFileType = folder; name = juce_core; path = ../../../../JUCE/modules/juce_core; sourceTree = SOURCE_ROOT; };
		A7D2C509ED043609F55DE7C7 /* include_juce_events.mm */ /* include_juce_events.mm */ = {isa = PBXFileReference; lastKnownFileType = sourcecode.cpp.objcpp; name = include_juce_events.mm; path = ../../JuceLibraryCode/include_juce_events.mm; sourceTree = SOURCE_ROOT; };
		ADE2A4C23421481F3CC02903 /* include_juce_graphics.mm */ /* include_juce_graphics.mm */ = {isa = PBXFileReference; lastKnownFileType = sourcecode.cpp.objcpp; name = include_juce_graphics.mm; path = ../../JuceLibraryCode/include_juce_graphics.mm; sourceTree = SOURCE_ROOT; };
		B803A1D2F3F6CF684DCF3364 /* juce_graphics */ /* juce_graphics */ = {isa = PBXFileReference; lastKnownFileType = folder; name = juce_graphics; path = ../../../../JUCE/modules/juce_graphics; sourceTree = SOURCE_ROOT; };
		CCCE168AD4ED5859659F6A51 /* juce_events */ /* juce_events */ = {isa = PBXFileReference; lastKnownFileType = folder; name = juce_events; path = ../../../../JUCE/modules/juce_events; sourceTree = SOURCE_ROOT; };
		D1CA54C0364B136B781890FB /* juce_data_structures */ /* juce_data_structures */ = {isa = PBXFileReference; lastKnownFileType = folder; name = juce_data_structures; path = ../../../../JUCE/modules/juce_data_structures; sourceTree = SOURCE_ROOT; };
		D397ED5B6C3B0A6D5E3294E1 /* QuartzCore.framework */ /* QuartzCore.framework */ = {isa = PBXFileReference; lastKnownFileType = wrapper.framework; name = QuartzCore.framework; path = System/Library/Frameworks/QuartzCore.framework; sourceTree = SDKROOT; };
		E2BC82F4F28B2FC70ABEA0D4 /* juce_gui_basics */ /* juce_gui_basics */ = {isa = PBXFileReference; lastKnownFileType = folder; name = juce_gui_basics; path = ../../../../JUCE/modules/juce_gui_basics; sourceTree = SOURCE_ROOT; };
		E473110DE3CBF40CEC30872C /* MainComponent.h */ /* MainComponent.h */ = {isa = PBXFileReference; lastKnownFileType = sourcecode.c.h; name = MainComponent.h; path = ../../Source/MainComponent.h; sourceTree = SOURCE_ROOT; };
		E5BC13E106A87B34B7EADED1 /* Main.cpp */ /* Main.cpp */ = {isa = PBXFileReference; lastKnownFileType = sourcecode.cpp.cpp; name = Main.cpp; path = ../../Source/Main.cpp; sourceTree = SOURCE_ROOT; };
		EE7E7A1B0555483FD898DA8B /* include_juce_core.mm */ /* include_juce_core.mm */ = {isa = PBXFileReference; lastKnownFileType = sourcecode.cpp.objcpp; name = include_juce_core.mm; path = ../../JuceLibraryCode/include_juce_core.mm; sourceTree = SOURCE_ROOT; };
		F342D067219C716AC95BB654 /* include_juce_data_structures.mm */ /* include_juce_data_structures.mm */ = {isa = PBXFileReference; lastKnownFileType = sourcecode.cpp.objcpp; name = include_juce_data_structures.mm; path = ../../JuceLibraryCode/include_juce_data_structures.mm; sourceTree = SOURCE_ROOT; };
		F80FC1AF9C1E504EFFA739D2 /* Foundation.framework */ /* Foundation.framework */ = {isa = PBXFileReference; lastKnownFileType = wrapper.framework; name = Foundation.framework; path = System/Library/Frameworks/Foundation.framework; sourceTree = SDKROOT; };
/* End PBXFileReference section */

/* Begin PBXFrameworksBuildPhase section */
		17FA689F0A4F457FF84E576A = {
			isa = PBXFrameworksBuildPhase;
			buildActionMask = 2147483647;
			files = (
				9619FF98267614D24E352E9F,
				F726D502842ACD85954FBEC3,
				2C3E41873A7329879815FEF1,
				A7C0D08E6E2A520EC49832A6,
			);
			runOnlyForDeploymentPostprocessing = 0;
		};
/* End PBXFrameworksBuildPhase section */

/* Begin PBXGroup section */
		47DCD530A8DF7C5B5FCC6254 /* Source */ = {
			isa = PBXGroup;
			children = (
				E5BC13E106A87B34B7EADED1,
				E473110DE3CBF40CEC30872C,
				8141864060A79326AE6BDD67,
			);
			name = Source;
			sourceTree = "<group>";
		};
		4A3FCDD34633F24C5434B478 /* Resources */ = {
			isa = PBXGroup;
			children = (
				0B03EF180D27CB6C2211E65C,
				33C29788CC13DEDAC44EC079,
			);
			name = Resources;
			sourceTree = "<group>";
		};
		53B9FF7B3EBFD11FC9A4901A /* Source */ = {
			isa = PBXGroup;
			children = (
				9AC8711AC1DBD6C692646E67,
				C752AB9627F4F086D4480F40,
				9A5C521D2358EC686A2E6CBD,
				4A3FCDD34633F24C5434B478,
				8056BD2C1998B6F5F6C6CA10,
				F6D0C163EA1BC845E60CF7B0,
			);
			name = Source;
			sourceTree = "<group>";
		};
		8056BD2C1998B6F5F6C6CA10 /* Frameworks */ = {
			isa = PBXGroup;
			children = (
				3C3A6C177A8DEFF0C9A116E2,
				F80FC1AF9C1E504EFFA739D2,
				0F42C29EAE0E4DF66319EAAC,
				D397ED5B6C3B0A6D5E3294E1,
			);
			name = Frameworks;
			sourceTree = "<group>";
		};
		9A5C521D2358EC686A2E6CBD /* JUCE Library Code */ = {
			isa = PBXGroup;
			children = (
				EE7E7A1B0555483FD898DA8B,
				F342D067219C716AC95BB654,
				A7D2C509ED043609F55DE7C7,
				ADE2A4C23421481F3CC02903,
				3ACEAFF2FEA4C75D188B853F,
				05F40353B6556F93ECD24DDF,
			);
			name = "JUCE Library Code";
			sourceTree = "<group>";
		};
		9AC8711AC1DBD6C692646E67 /* NewProject */ = {
			isa = PBXGroup;
			children = (
				47DCD530A8DF7C5B5FCC6254,
			);
			name = NewProject;
			sourceTree = "<group>";
		};
		C752AB9627F4F086D4480F40 /* JUCE Modules */ = {
			isa = PBXGroup;
			children = (
				95F6532F11EE43AAA5C3FF65,
				D1CA54C0364B136B781890FB,
				CCCE168AD4ED5859659F6A51,
				B803A1D2F3F6CF684DCF3364,
				E2BC82F4F28B2FC70ABEA0D4,
			);
			name = "JUCE Modules";
			sourceTree = "<group>";
		};
		F6D0C163EA1BC845E60CF7B0 /* Products */ = {
			isa = PBXGroup;
			children = (
				6BD6643322B073EC7A8F9771,
			);
			name = Products;
			sourceTree = "<group>";
		};
/* End PBXGroup section */

/* Begin PBXNativeTarget section */
		A94811AB42349220E1ACE545 /* NewProject - App */ = {
			isa = PBXNativeTarget;
			buildConfigurationList = BE2FC200344BCA4A74C4FC15;
			buildPhases = (
				DA0444EADD38B1D4CFD6F020,
				15A6745B50BF7AD2EE45314D,
				17FA689F0A4F457FF84E576A,
			);
			buildRules = (
			);
			dependencies = (
			);
			name = "NewProject - App";
			productName = NewProject;
			productReference = 6BD6643322B073EC7A8F9771;
			productType = "com.apple.product-type.application";
		};
/* End PBXNativeTarget section */

/* Begin PBXProject section */
		A0176F09F6F4F85701D2CE38 = {
			isa = PBXProject;
			attributes = {
				LastUpgradeCheck = 1340;
				ORGANIZATIONNAME = "";
				TargetAttributes = {
					A94811AB42349220E1ACE545 = {
						SystemCapabilities = {
							com.apple.ApplicationGroups.iOS = {
								enabled = 0;
							};
							com.apple.HardenedRuntime = {
								enabled = 0;
							};
							com.apple.InAppPurchase = {
								enabled = 0;
							};
							com.apple.InterAppAudio = {
								enabled = 0;
							};
							com.apple.Push = {
								enabled = 0;
							};
							com.apple.Sandbox = {
								enabled = 0;
							};
						};
					};
				};
			};
			buildConfigurationList = C6132562E921CD5DBC9D281A;
			compatibilityVersion = "Xcode 3.2";
			hasScannedForEncodings = 0;
			knownRegions = (
				en,
				Base,
			);
			mainGroup = 53B9FF7B3EBFD11FC9A4901A;
			projectDirPath = "";
			projectRoot = "";
			targets = (
				A94811AB42349220E1ACE545,
			);
		};
/* End PBXProject section */

/* Begin PBXResourcesBuildPhase section */
		DA0444EADD38B1D4CFD6F020 = {
			isa = PBXResourcesBuildPhase;
			buildActionMask = 2147483647;
			files = (
				8C56FC6D42374B2E2D9B70BD,
			);
			runOnlyForDeploymentPostprocessing = 0;
		};
/* End PBXResourcesBuildPhase section */

/* Begin PBXSourcesBuildPhase section */
		15A6745B50BF7AD2EE45314D = {
			isa = PBXSourcesBuildPhase;
			buildActionMask = 2147483647;
			files = (
				4942B22EB1D8161F64D7897D,
				10BE0B13B5D699B38AC026FB,
				C23EEEBA2BFD80658D8D1396,
				D3FB130C8BBF065C7F2650B7,
				681828DBC8E5F6630C53A57C,
				4D031B14F72375A01E1ED4B4,
				11D9F2B5D6039E985D318888,
			);
			runOnlyForDeploymentPostprocessing = 0;
		};
/* End PBXSourcesBuildPhase section */

/* Begin XCBuildConfiguration section */
		226560FC7833DC9BF1977963 /* Release */ = {
			isa = XCBuildConfiguration;
			buildSettings = {
				ALWAYS_SEARCH_USER_PATHS = NO;
				CLANG_ENABLE_OBJC_WEAK = YES;
				CLANG_WARN_BLOCK_CAPTURE_AUTORELEASING = YES;
				CLANG_WARN_BOOL_CONVERSION = YES;
				CLANG_WARN_COMMA = YES;
				CLANG_WARN_CONSTANT_CONVERSION = YES;
				CLANG_WARN_DEPRECATED_OBJC_IMPLEMENTATIONS = YES;
				CLANG_WARN_EMPTY_BODY = YES;
				CLANG_WARN_ENUM_CONVERSION = YES;
				CLANG_WARN_INFINITE_RECURSION = YES;
				CLANG_WARN_INT_CONVERSION = YES;
				CLANG_WARN_NON_LITERAL_NULL_CONVERSION = YES;
				CLANG_WARN_OBJC_IMPLICIT_RETAIN_SELF = YES;
				CLANG_WARN_OBJC_LITERAL_CONVERSION = YES;
				CLANG_WARN_RANGE_LOOP_ANALYSIS = YES;
				CLANG_WARN_STRICT_PROTOTYPES = YES;
				CLANG_WARN_SUSPICIOUS_MOVE = YES;
				CLANG_WARN_UNREACHABLE_CODE = YES;
				CLANG_WARN__DUPLICATE_METHOD_MATCH = YES;
				DEBUG_INFORMATION_FORMAT = dwarf;
				ENABLE_STRICT_OBJC_MSGSEND = YES;
				ENABLE_TESTABILITY = NO;
				GCC_C_LANGUAGE_STANDARD = c11;
				GCC_INLINES_ARE_PRIVATE_EXTERN = YES;
				GCC_MODEL_TUNING = G5;
				GCC_NO_COMMON_BLOCKS = YES;
				GCC_SYMBOLS_PRIVATE_EXTERN = YES;
				GCC_WARN_64_TO_32_BIT_CONVERSION = YES;
				GCC_WARN_ABOUT_RETURN_TYPE = YES;
				GCC_WARN_CHECK_SWITCH_STATEMENTS = YES;
				GCC_WARN_MISSING_PARENTHESES = YES;
				GCC_WARN_NON_VIRTUAL_DESTRUCTOR = YES;
				GCC_WARN_TYPECHECK_CALLS_TO_PRINTF = YES;
				GCC_WARN_UNDECLARED_SELECTOR = YES;
				GCC_WARN_UNINITIALIZED_AUTOS = YES;
				GCC_WARN_UNUSED_FUNCTION = YES;
				GCC_WARN_UNUSED_VARIABLE = YES;
				PRODUCT_NAME = "NewProject";
				SDKROOT = macosx;
				WARNING_CFLAGS = "-Wreorder";
				ZERO_LINK = NO;
			};
			name = Release;
		};
		48F134C66320C15E88899C7E /* Release */ = {
			isa = XCBuildConfiguration;
			buildSettings = {
				CLANG_CXX_LANGUAGE_STANDARD = "c++17";
				CLANG_CXX_LIBRARY = "libc++";
				CLANG_LINK_OBJC_RUNTIME = NO;
				COMBINE_HIDPI_IMAGES = YES;
				CONFIGURATION_BUILD_DIR = "$(PROJECT_DIR)/build/$(CONFIGURATION)";
				DEAD_CODE_STRIPPING = YES;
				EXCLUDED_ARCHS = "";
				GCC_GENERATE_DEBUGGING_SYMBOLS = NO;
				GCC_OPTIMIZATION_LEVEL = 3;
				GCC_PREPROCESSOR_DEFINITIONS = (
					"_NDEBUG=1",
					"NDEBUG=1",
					"JUCE_DISPLAY_SPLASH_SCREEN=1",
					"JUCE_USE_DARK_SPLASH_SCREEN=1",
					"JUCE_PROJUCER_VERSION=0x70005",
					"JUCE_MODULE_AVAILABLE_juce_core=1",
					"JUCE_MODULE_AVAILABLE_juce_data_structures=1",
					"JUCE_MODULE_AVAILABLE_juce_events=1",
					"JUCE_MODULE_AVAILABLE_juce_graphics=1",
					"JUCE_MODULE_AVAILABLE_juce_gui_basics=1",
					"JUCE_GLOBAL_MODULE_SETTINGS_INCLUDED=1",
					"JUCE_STRICT_REFCOUNTEDPOINTER=1",
					"JUCE_STANDALONE_APPLICATION=1",
					"JUCER_XCODE_MAC_F6D2F4CF=1",
					"JUCE_APP_VERSION=1.0.0",
					"JUCE_APP_VERSION_HEX=0x10000",
					"JucePlugin_Build_VST=0",
					"JucePlugin_Build_VST3=0",
					"JucePlugin_Build_AU=0",
					"JucePlugin_Build_AUv3=0",
					"JucePlugin_Build_AAX=0",
					"JucePlugin_Build_Standalone=0",
					"JucePlugin_Build_Unity=0",
					"JucePlugin_Build_LV2=0",
				);
				GCC_VERSION = com.apple.compilers.llvm.clang.1_0;
				HEADER_SEARCH_PATHS = (
					"$(SRCROOT)/../../JuceLibraryCode",
					"$(SRCROOT)/../../../../JUCE/modules",
					"$(inherited)",
				);
				INFOPLIST_FILE = Info-App.plist;
				INFOPLIST_PREPROCESS = NO;
				INSTALL_PATH = "$(HOME)/Applications";
				LLVM_LTO = YES;
				MACOSX_DEPLOYMENT_TARGET = 10.13;
				MTL_HEADER_SEARCH_PATHS = "$(SRCROOT)/../../JuceLibraryCode $(SRCROOT)/../../../../JUCE/modules";
				OTHER_LDFLAGS = "-weak_framework Metal -weak_framework MetalKit";
				PRODUCT_BUNDLE_IDENTIFIER = com.yourcompany.NewProject;
				PRODUCT_NAME = "NewProject";
				USE_HEADERMAP = NO;
				VALID_ARCHS = "i386 x86_64 arm64 arm64e";
			};
			name = Release;
		};
		991E23ABEDA2311FB77FD163 /* Debug */ = {
			isa = XCBuildConfiguration;
			buildSettings = {
				ALWAYS_SEARCH_USER_PATHS = NO;
				CLANG_ENABLE_OBJC_WEAK = YES;
				CLANG_WARN_BLOCK_CAPTURE_AUTORELEASING = YES;
				CLANG_WARN_BOOL_CONVERSION = YES;
				CLANG_WARN_COMMA = YES;
				CLANG_WARN_CONSTANT_CONVERSION = YES;
				CLANG_WARN_DEPRECATED_OBJC_IMPLEMENTATIONS = YES;
				CLANG_WARN_EMPTY_BODY = YES;
				CLANG_WARN_ENUM_CONVERSION = YES;
				CLANG_WARN_INFINITE_RECURSION = YES;
				CLANG_WARN_INT_CONVERSION = YES;
				CLANG_WARN_NON_LITERAL_NULL_CONVERSION = YES;
				CLANG_WARN_OBJC_IMPLICIT_RETAIN_SELF = YES;
				CLANG_WARN_OBJC_LITERAL_CONVERSION = YES;
				CLANG_WARN_RANGE_LOOP_ANALYSIS = YES;
				CLANG_WARN_STRICT_PROTOTYPES = YES;
				CLANG_WARN_SUSPICIOUS_MOVE = YES;
				CLANG_WARN_UNREACHABLE_CODE = YES;
				CLANG_WARN__DUPLICATE_METHOD_MATCH = YES;
				DEBUG_INFORMATION_FORMAT = dwarf;
				ENABLE_STRICT_OBJC_MSGSEND = YES;
				ENABLE_TESTABILITY = NO;
				GCC_C_LANGUAGE_STANDARD = c11;
				GCC_INLINES_ARE_PRIVATE_EXTERN = YES;
				GCC_MODEL_TUNING = G5;
				GCC_NO_COMMON_BLOCKS = YES;
				GCC_SYMBOLS_PRIVATE_EXTERN = YES;
				GCC_WARN_64_TO_32_BIT_CONVERSION = YES;
				GCC_WARN_ABOUT_RETURN_TYPE = YES;
				GCC_WARN_CHECK_SWITCH_STATEMENTS = YES;
				GCC_WARN_MISSING_PARENTHESES = YES;
				GCC_WARN_NON_VIRTUAL_DESTRUCTOR = YES;
				GCC_WARN_TYPECHECK_CALLS_TO_PRINTF = YES;
				GCC_WARN_UNDECLARED_SELECTOR = YES;
				GCC_WARN_UNINITIALIZED_AUTOS = YES;
				GCC_WARN_UNUSED_FUNCTION = YES;
				GCC_WARN_UNUSED_VARIABLE = YES;
				ONLY_ACTIVE_ARCH = YES;
				PRODUCT_NAME = "NewProject";
				SDKROOT = macosx;
				WARNING_CFLAGS = "-Wreorder";
				ZERO_LINK = NO;
			};
			name = Debug;
		};
		BC1019F7D1BE858306B0FA01 /* Debug */ = {
			isa = XCBuildConfiguration;
			buildSettings = {
				CLANG_CXX_LANGUAGE_STANDARD = "c++17";
				CLANG_CXX_LIBRARY = "libc++";
				CLANG_LINK_OBJC_RUNTIME = NO;
				COMBINE_HIDPI_IMAGES = YES;
				CONFIGURATION_BUILD_DIR = "$(PROJECT_DIR)/build/$(CONFIGURATION)";
				COPY_PHASE_STRIP = NO;
				EXCLUDED_ARCHS = "";
				GCC_DYNAMIC_NO_PIC = NO;
				GCC_OPTIMIZATION_LEVEL = 0;
				GCC_PREPROCESSOR_DEFINITIONS = (
					"_DEBUG=1",
					"DEBUG=1",
					"JUCE_DISPLAY_SPLASH_SCREEN=1",
					"JUCE_USE_DARK_SPLASH_SCREEN=1",
					"JUCE_PROJUCER_VERSION=0x70005",
					"JUCE_MODULE_AVAILABLE_juce_core=1",
					"JUCE_MODULE_AVAILABLE_juce_data_structures=1",
					"JUCE_MODULE_AVAILABLE_juce_events=1",
					"JUCE_MODULE_AVAILABLE_juce_graphics=1",
					"JUCE_MODULE_AVAILABLE_juce_gui_basics=1",
					"JUCE_GLOBAL_MODULE_SETTINGS_INCLUDED=1",
					"JUCE_STRICT_REFCOUNTEDPOINTER=1",
					"JUCE_STANDALONE_APPLICATION=1",
					"JUCER_XCODE_MAC_F6D2F4CF=1",
					"JUCE_APP_VERSION=1.0.0",
					"JUCE_APP_VERSION_HEX=0x10000",
					"JucePlugin_Build_VST=0",
					"JucePlugin_Build_VST3=0",
					"JucePlugin_Build_AU=0",
					"JucePlugin_Build_AUv3=0",
					"JucePlugin_Build_AAX=0",
					"JucePlugin_Build_Standalone=0",
					"JucePlugin_Build_Unity=0",
					"JucePlugin_Build_LV2=0",
				);
				GCC_VERSION = com.apple.compilers.llvm.clang.1_0;
				HEADER_SEARCH_PATHS = (
					"$(SRCROOT)/../../JuceLibraryCode",
					"$(SRCROOT)/../../../../JUCE/modules",
					"$(inherited)",
				);
				INFOPLIST_FILE = Info-App.plist;
				INFOPLIST_PREPROCESS = NO;
				INSTALL_PATH = "$(HOME)/Applications";
				MACOSX_DEPLOYMENT_TARGET = 10.13;
				MTL_HEADER_SEARCH_PATHS = "$(SRCROOT)/../../JuceLibraryCode $(SRCROOT)/../../../../JUCE/modules";
				OTHER_LDFLAGS = "-weak_framework Metal -weak_framework MetalKit";
				PRODUCT_BUNDLE_IDENTIFIER = com.yourcompany.NewProject;
				PRODUCT_NAME = "NewProject";
				USE_HEADERMAP = NO;
				VALID_ARCHS = "i386 x86_64 arm64 arm64e";
			};
			name = Debug;
		};
/* End XCBuildConfiguration section */

/* Begin XCConfigurationList section */
		BE2FC200344BCA4A74C4FC15 = {
			isa = XCConfigurationList;
			buildConfigurations = (
				BC1019F7D1BE858306B0FA01,
				48F134C66320C15E88899C7E,
			);
			defaultConfigurationIsVisible = 0;
			defaultConfigurationName = Debug;
		};
		C6132562E921CD5DBC9D281A = {
			isa = XCConfigurationList;
			buildConfigurations = (
				226560FC7833DC9BF1977963,
				991E23ABEDA2311FB77FD163,
			);
			defaultConfigurationIsVisible = 0;
			defaultConfigurationName = Debug;
		};
/* End XCConfigurationList section */
	};
	rootObject = A0176F09F6F4F85701D2CE38 /* Project object */;
}
